
Microsoft Visual Studio Solution File, Format Version 12.00
# Visual Studio Version 17
VisualStudioVersion = 17.14.36203.30
MinimumVisualStudioVersion = 10.0.40219.1
Project("{FAE04EC0-301F-11D3-BF4B-00C04F79EFBC}") = "Broadcast", "Broadcast.csproj", "{B09DB69B-E214-4EA2-B9FA-A66565D42ABF}"
EndProject
Project("{FAE04EC0-301F-11D3-BF4B-00C04F79EFBC}") = "SimRedis", "..\SimRedis\SimRedis.csproj", "{BFE3355B-0306-4BD2-548B-4B9871CB533D}"
EndProject
Project("{FAE04EC0-301F-11D3-BF4B-00C04F79EFBC}") = "SimListView", "..\SimListView\SimListView.csproj", "{CDCAB885-5FDE-36DF-9319-9ADCE7954C9D}"
EndProject
Project("{FAE04EC0-301F-11D3-BF4B-00C04F79EFBC}") = "SimListener", "..\SimListener\SimListener\SimListener.csproj", "{4CC25C86-7E21-EF98-55C3-298BF7FF174B}"
EndProject
Global
	GlobalSection(SolutionConfigurationPlatforms) = preSolution
		Debug|Any CPU = Debug|Any CPU
		Debug|ARM = Debug|ARM
		Debug|ARM64 = Debug|ARM64
		Debug|x64 = Debug|x64
		Debug|x86 = Debug|x86
		Release|Any CPU = Release|Any CPU
		Release|ARM = Release|ARM
		Release|ARM64 = Release|ARM64
		Release|x64 = Release|x64
		Release|x86 = Release|x86
	EndGlobalSection
	GlobalSection(ProjectConfigurationPlatforms) = postSolution
		{B09DB69B-E214-4EA2-B9FA-A66565D42ABF}.Debug|Any CPU.ActiveCfg = Debug|Any CPU
		{B09DB69B-E214-4EA2-B9FA-A66565D42ABF}.Debug|Any CPU.Build.0 = Debug|Any CPU
		{B09DB69B-E214-4EA2-B9FA-A66565D42ABF}.Debug|ARM.ActiveCfg = Debug|Any CPU
		{B09DB69B-E214-4EA2-B9FA-A66565D42ABF}.Debug|ARM.Build.0 = Debug|Any CPU
		{B09DB69B-E214-4EA2-B9FA-A66565D42ABF}.Debug|ARM64.ActiveCfg = Debug|Any CPU
		{B09DB69B-E214-4EA2-B9FA-A66565D42ABF}.Debug|ARM64.Build.0 = Debug|Any CPU
		{B09DB69B-E214-4EA2-B9FA-A66565D42ABF}.Debug|x64.ActiveCfg = Debug|x64
		{B09DB69B-E214-4EA2-B9FA-A66565D42ABF}.Debug|x64.Build.0 = Debug|x64
		{B09DB69B-E214-4EA2-B9FA-A66565D42ABF}.Debug|x86.ActiveCfg = Debug|Any CPU
		{B09DB69B-E214-4EA2-B9FA-A66565D42ABF}.Debug|x86.Build.0 = Debug|Any CPU
		{B09DB69B-E214-4EA2-B9FA-A66565D42ABF}.Release|Any CPU.ActiveCfg = Release|Any CPU
		{B09DB69B-E214-4EA2-B9FA-A66565D42ABF}.Release|Any CPU.Build.0 = Release|Any CPU
		{B09DB69B-E214-4EA2-B9FA-A66565D42ABF}.Release|ARM.ActiveCfg = Release|Any CPU
		{B09DB69B-E214-4EA2-B9FA-A66565D42ABF}.Release|ARM.Build.0 = Release|Any CPU
		{B09DB69B-E214-4EA2-B9FA-A66565D42ABF}.Release|ARM64.ActiveCfg = Release|Any CPU
		{B09DB69B-E214-4EA2-B9FA-A66565D42ABF}.Release|ARM64.Build.0 = Release|Any CPU
		{B09DB69B-E214-4EA2-B9FA-A66565D42ABF}.Release|x64.ActiveCfg = Release|x64
		{B09DB69B-E214-4EA2-B9FA-A66565D42ABF}.Release|x64.Build.0 = Release|x64
		{B09DB69B-E214-4EA2-B9FA-A66565D42ABF}.Release|x86.ActiveCfg = Release|Any CPU
		{B09DB69B-E214-4EA2-B9FA-A66565D42ABF}.Release|x86.Build.0 = Release|Any CPU
		{BFE3355B-0306-4BD2-548B-4B9871CB533D}.Debug|Any CPU.ActiveCfg = Debug|Any CPU
		{BFE3355B-0306-4BD2-548B-4B9871CB533D}.Debug|Any CPU.Build.0 = Debug|Any CPU
		{BFE3355B-0306-4BD2-548B-4B9871CB533D}.Debug|ARM.ActiveCfg = Debug|Any CPU
		{BFE3355B-0306-4BD2-548B-4B9871CB533D}.Debug|ARM.Build.0 = Debug|Any CPU
		{BFE3355B-0306-4BD2-548B-4B9871CB533D}.Debug|ARM64.ActiveCfg = Debug|Any CPU
		{BFE3355B-0306-4BD2-548B-4B9871CB533D}.Debug|ARM64.Build.0 = Debug|Any CPU
		{BFE3355B-0306-4BD2-548B-4B9871CB533D}.Debug|x64.ActiveCfg = Debug|x64
		{BFE3355B-0306-4BD2-548B-4B9871CB533D}.Debug|x64.Build.0 = Debug|x64
		{BFE3355B-0306-4BD2-548B-4B9871CB533D}.Debug|x86.ActiveCfg = Debug|x64
		{BFE3355B-0306-4BD2-548B-4B9871CB533D}.Debug|x86.Build.0 = Debug|x64
		{BFE3355B-0306-4BD2-548B-4B9871CB533D}.Release|Any CPU.ActiveCfg = Release|Any CPU
		{BFE3355B-0306-4BD2-548B-4B9871CB533D}.Release|Any CPU.Build.0 = Release|Any CPU
		{BFE3355B-0306-4BD2-548B-4B9871CB533D}.Release|ARM.ActiveCfg = Release|Any CPU
		{BFE3355B-0306-4BD2-548B-4B9871CB533D}.Release|ARM.Build.0 = Release|Any CPU
		{BFE3355B-0306-4BD2-548B-4B9871CB533D}.Release|ARM64.ActiveCfg = Release|Any CPU
		{BFE3355B-0306-4BD2-548B-4B9871CB533D}.Release|ARM64.Build.0 = Release|Any CPU
		{BFE3355B-0306-4BD2-548B-4B9871CB533D}.Release|x64.ActiveCfg = Release|x64
		{BFE3355B-0306-4BD2-548B-4B9871CB533D}.Release|x64.Build.0 = Release|x64
		{BFE3355B-0306-4BD2-548B-4B9871CB533D}.Release|x86.ActiveCfg = Release|x64
		{BFE3355B-0306-4BD2-548B-4B9871CB533D}.Release|x86.Build.0 = Release|x64
		{CDCAB885-5FDE-36DF-9319-9ADCE7954C9D}.Debug|Any CPU.ActiveCfg = Debug|Any CPU
		{CDCAB885-5FDE-36DF-9319-9ADCE7954C9D}.Debug|Any CPU.Build.0 = Debug|Any CPU
		{CDCAB885-5FDE-36DF-9319-9ADCE7954C9D}.Debug|ARM.ActiveCfg = Debug|Any CPU
		{CDCAB885-5FDE-36DF-9319-9ADCE7954C9D}.Debug|ARM.Build.0 = Debug|Any CPU
		{CDCAB885-5FDE-36DF-9319-9ADCE7954C9D}.Debug|ARM64.ActiveCfg = Debug|Any CPU
		{CDCAB885-5FDE-36DF-9319-9ADCE7954C9D}.Debug|ARM64.Build.0 = Debug|Any CPU
		{CDCAB885-5FDE-36DF-9319-9ADCE7954C9D}.Debug|x64.ActiveCfg = Debug|x64
		{CDCAB885-5FDE-36DF-9319-9ADCE7954C9D}.Debug|x64.Build.0 = Debug|x64
		{CDCAB885-5FDE-36DF-9319-9ADCE7954C9D}.Debug|x86.ActiveCfg = Debug|x64
		{CDCAB885-5FDE-36DF-9319-9ADCE7954C9D}.Debug|x86.Build.0 = Debug|x64
		{CDCAB885-5FDE-36DF-9319-9ADCE7954C9D}.Release|Any CPU.ActiveCfg = Release|Any CPU
		{CDCAB885-5FDE-36DF-9319-9ADCE7954C9D}.Release|Any CPU.Build.0 = Release|Any CPU
		{CDCAB885-5FDE-36DF-9319-9ADCE7954C9D}.Release|ARM.ActiveCfg = Release|Any CPU
		{CDCAB885-5FDE-36DF-9319-9ADCE7954C9D}.Release|ARM.Build.0 = Release|Any CPU
		{CDCAB885-5FDE-36DF-9319-9ADCE7954C9D}.Release|ARM64.ActiveCfg = Release|Any CPU
		{CDCAB885-5FDE-36DF-9319-9ADCE7954C9D}.Release|ARM64.Build.0 = Release|Any CPU
		{CDCAB885-5FDE-36DF-9319-9ADCE7954C9D}.Release|x64.ActiveCfg = Release|x64
		{CDCAB885-5FDE-36DF-9319-9ADCE7954C9D}.Release|x64.Build.0 = Release|x64
		{CDCAB885-5FDE-36DF-9319-9ADCE7954C9D}.Release|x86.ActiveCfg = Release|x64
		{CDCAB885-5FDE-36DF-9319-9ADCE7954C9D}.Release|x86.Build.0 = Release|x64
		{4CC25C86-7E21-EF98-55C3-298BF7FF174B}.Debug|Any CPU.ActiveCfg = Debug|x64
		{4CC25C86-7E21-EF98-55C3-298BF7FF174B}.Debug|Any CPU.Build.0 = Debug|x64
		{4CC25C86-7E21-EF98-55C3-298BF7FF174B}.Debug|ARM.ActiveCfg = Debug|x64
		{4CC25C86-7E21-EF98-55C3-298BF7FF174B}.Debug|ARM.Build.0 = Debug|x64
		{4CC25C86-7E21-EF98-55C3-298BF7FF174B}.Debug|ARM64.ActiveCfg = Debug|x64
		{4CC25C86-7E21-EF98-55C3-298BF7FF174B}.Debug|ARM64.Build.0 = Debug|x64
		{4CC25C86-7E21-EF98-55C3-298BF7FF174B}.Debug|x64.ActiveCfg = Debug|x64
		{4CC25C86-7E21-EF98-55C3-298BF7FF174B}.Debug|x64.Build.0 = Debug|x64
		{4CC25C86-7E21-EF98-55C3-298BF7FF174B}.Debug|x86.ActiveCfg = Debug|x64
		{4CC25C86-7E21-EF98-55C3-298BF7FF174B}.Debug|x86.Build.0 = Debug|x64
		{4CC25C86-7E21-EF98-55C3-298BF7FF174B}.Release|Any CPU.ActiveCfg = Release|x64
		{4CC25C86-7E21-EF98-55C3-298BF7FF174B}.Release|Any CPU.Build.0 = Release|x64
		{4CC25C86-7E21-EF98-55C3-298BF7FF174B}.Release|ARM.ActiveCfg = Release|x64
		{4CC25C86-7E21-EF98-55C3-298BF7FF174B}.Release|ARM.Build.0 = Release|x64
		{4CC25C86-7E21-EF98-55C3-298BF7FF174B}.Release|ARM64.ActiveCfg = Release|x64
		{4CC25C86-7E21-EF98-55C3-298BF7FF174B}.Release|ARM64.Build.0 = Release|x64
		{4CC25C86-7E21-EF98-55C3-298BF7FF174B}.Release|x64.ActiveCfg = Release|x64
		{4CC25C86-7E21-EF98-55C3-298BF7FF174B}.Release|x64.Build.0 = Release|x64
		{4CC25C86-7E21-EF98-55C3-298BF7FF174B}.Release|x86.ActiveCfg = Release|x64
		{4CC25C86-7E21-EF98-55C3-298BF7FF174B}.Release|x86.Build.0 = Release|x64
	EndGlobalSection
	GlobalSection(SolutionProperties) = preSolution
		HideSolutionNode = FALSE
	EndGlobalSection
	GlobalSection(ExtensibilityGlobals) = postSolution
		SolutionGuid = {07A804C1-1591-447F-AA70-A003A696C979}
	EndGlobalSection
EndGlobal
